// !$*UTF8*$!
{
	archiveVersion = 1;
	classes = {
	};
	objectVersion = 56;
	objects = {

/* Begin PBXBuildFile section */
		B9012B7029144D130077D8CA /* CustomTableViewCell.swift in Sources */ = {isa = PBXBuildFile; fileRef = B9012B6F29144D130077D8CA /* CustomTableViewCell.swift */; };
		B93AF1E52913DAB10014DB0B /* MenuItems.swift in Sources */ = {isa = PBXBuildFile; fileRef = B93AF1E42913DAB10014DB0B /* MenuItems.swift */; };
		B944B6B029133454001BAD60 /* AppDelegate.swift in Sources */ = {isa = PBXBuildFile; fileRef = B944B6AF29133454001BAD60 /* AppDelegate.swift */; };
		B944B6B229133454001BAD60 /* SceneDelegate.swift in Sources */ = {isa = PBXBuildFile; fileRef = B944B6B129133454001BAD60 /* SceneDelegate.swift */; };
		B944B6B429133454001BAD60 /* ViewController.swift in Sources */ = {isa = PBXBuildFile; fileRef = B944B6B329133454001BAD60 /* ViewController.swift */; };
		B944B6B929133455001BAD60 /* Assets.xcassets in Resources */ = {isa = PBXBuildFile; fileRef = B944B6B829133455001BAD60 /* Assets.xcassets */; };
		B944B6BC29133455001BAD60 /* LaunchScreen.storyboard in Resources */ = {isa = PBXBuildFile; fileRef = B944B6BA29133455001BAD60 /* LaunchScreen.storyboard */; };
		B944B6C829133805001BAD60 /* Inter-ExtraLight.ttf in Resources */ = {isa = PBXBuildFile; fileRef = B944B6C3291337C9001BAD60 /* Inter-ExtraLight.ttf */; };
		B944B6C929133808001BAD60 /* Inter-Medium.ttf in Resources */ = {isa = PBXBuildFile; fileRef = B944B6C5291337E4001BAD60 /* Inter-Medium.ttf */; };
		B944B6CA2913380A001BAD60 /* Inter-Thin.ttf in Resources */ = {isa = PBXBuildFile; fileRef = B944B6C6291337F5001BAD60 /* Inter-Thin.ttf */; };
		B944B6CB2913380C001BAD60 /* Inter-SemiBold.ttf in Resources */ = {isa = PBXBuildFile; fileRef = B944B6C7291337FD001BAD60 /* Inter-SemiBold.ttf */; };
		B97386BC29152AA600FA6338 /* Food.swift in Sources */ = {isa = PBXBuildFile; fileRef = B97386BB29152AA600FA6338 /* Food.swift */; };
		B97386BE29152B1A00FA6338 /* Drink.swift in Sources */ = {isa = PBXBuildFile; fileRef = B97386BD29152B1A00FA6338 /* Drink.swift */; };
		B97386C029152B2400FA6338 /* Other.swift in Sources */ = {isa = PBXBuildFile; fileRef = B97386BF29152B2400FA6338 /* Other.swift */; };
		B97386C529152FBB00FA6338 /* MenuTableHeaderView.swift in Sources */ = {isa = PBXBuildFile; fileRef = B97386C429152FBB00FA6338 /* MenuTableHeaderView.swift */; };
		B9F347D529168EC00005A0F4 /* DetailViewController.swift in Sources */ = {isa = PBXBuildFile; fileRef = B9F347D429168EC00005A0F4 /* DetailViewController.swift */; };
		B9F347D729168FBB0005A0F4 /* IngredientsBox.swift in Sources */ = {isa = PBXBuildFile; fileRef = B9F347D629168FBB0005A0F4 /* IngredientsBox.swift */; };
		B9F347D92916900B0005A0F4 /* PairingsBox.swift in Sources */ = {isa = PBXBuildFile; fileRef = B9F347D82916900B0005A0F4 /* PairingsBox.swift */; };
		B9F347DB291690AF0005A0F4 /* SelectedItemDetailView.swift in Sources */ = {isa = PBXBuildFile; fileRef = B9F347DA291690AF0005A0F4 /* SelectedItemDetailView.swift */; };
/* End PBXBuildFile section */

/* Begin PBXFileReference section */
		B9012B6F29144D130077D8CA /* CustomTableViewCell.swift */ = {isa = PBXFileReference; lastKnownFileType = sourcecode.swift; path = CustomTableViewCell.swift; sourceTree = "<group>"; };
		B93AF1E42913DAB10014DB0B /* MenuItems.swift */ = {isa = PBXFileReference; lastKnownFileType = sourcecode.swift; path = MenuItems.swift; sourceTree = "<group>"; };
		B944B6AC29133454001BAD60 /* CafeApp.app */ = {isa = PBXFileReference; explicitFileType = wrapper.application; includeInIndex = 0; path = CafeApp.app; sourceTree = BUILT_PRODUCTS_DIR; };
		B944B6AF29133454001BAD60 /* AppDelegate.swift */ = {isa = PBXFileReference; lastKnownFileType = sourcecode.swift; path = AppDelegate.swift; sourceTree = "<group>"; };
		B944B6B129133454001BAD60 /* SceneDelegate.swift */ = {isa = PBXFileReference; lastKnownFileType = sourcecode.swift; path = SceneDelegate.swift; sourceTree = "<group>"; };
		B944B6B329133454001BAD60 /* ViewController.swift */ = {isa = PBXFileReference; lastKnownFileType = sourcecode.swift; path = ViewController.swift; sourceTree = "<group>"; };
		B944B6B829133455001BAD60 /* Assets.xcassets */ = {isa = PBXFileReference; lastKnownFileType = folder.assetcatalog; path = Assets.xcassets; sourceTree = "<group>"; };
		B944B6BB29133455001BAD60 /* Base */ = {isa = PBXFileReference; lastKnownFileType = file.storyboard; name = Base; path = Base.lproj/LaunchScreen.storyboard; sourceTree = "<group>"; };
		B944B6BD29133455001BAD60 /* Info.plist */ = {isa = PBXFileReference; lastKnownFileType = text.plist.xml; path = Info.plist; sourceTree = "<group>"; };
		B944B6C3291337C9001BAD60 /* Inter-ExtraLight.ttf */ = {isa = PBXFileReference; lastKnownFileType = file; path = "Inter-ExtraLight.ttf"; sourceTree = "<group>"; };
		B944B6C5291337E4001BAD60 /* Inter-Medium.ttf */ = {isa = PBXFileReference; lastKnownFileType = file; path = "Inter-Medium.ttf"; sourceTree = "<group>"; };
		B944B6C6291337F5001BAD60 /* Inter-Thin.ttf */ = {isa = PBXFileReference; lastKnownFileType = file; path = "Inter-Thin.ttf"; sourceTree = "<group>"; };
		B944B6C7291337FD001BAD60 /* Inter-SemiBold.ttf */ = {isa = PBXFileReference; lastKnownFileType = file; path = "Inter-SemiBold.ttf"; sourceTree = "<group>"; };
		B97386BB29152AA600FA6338 /* Food.swift */ = {isa = PBXFileReference; lastKnownFileType = sourcecode.swift; path = Food.swift; sourceTree = "<group>"; };
		B97386BD29152B1A00FA6338 /* Drink.swift */ = {isa = PBXFileReference; lastKnownFileType = sourcecode.swift; path = Drink.swift; sourceTree = "<group>"; };
		B97386BF29152B2400FA6338 /* Other.swift */ = {isa = PBXFileReference; lastKnownFileType = sourcecode.swift; path = Other.swift; sourceTree = "<group>"; };
		B97386C429152FBB00FA6338 /* MenuTableHeaderView.swift */ = {isa = PBXFileReference; lastKnownFileType = sourcecode.swift; path = MenuTableHeaderView.swift; sourceTree = "<group>"; };
		B9F347D429168EC00005A0F4 /* DetailViewController.swift */ = {isa = PBXFileReference; lastKnownFileType = sourcecode.swift; path = DetailViewController.swift; sourceTree = "<group>"; };
		B9F347D629168FBB0005A0F4 /* IngredientsBox.swift */ = {isa = PBXFileReference; lastKnownFileType = sourcecode.swift; path = IngredientsBox.swift; sourceTree = "<group>"; };
		B9F347D82916900B0005A0F4 /* PairingsBox.swift */ = {isa = PBXFileReference; lastKnownFileType = sourcecode.swift; path = PairingsBox.swift; sourceTree = "<group>"; };
		B9F347DA291690AF0005A0F4 /* SelectedItemDetailView.swift */ = {isa = PBXFileReference; lastKnownFileType = sourcecode.swift; path = SelectedItemDetailView.swift; sourceTree = "<group>"; };
/* End PBXFileReference section */

/* Begin PBXFrameworksBuildPhase section */
		B944B6A929133454001BAD60 /* Frameworks */ = {
			isa = PBXFrameworksBuildPhase;
			buildActionMask = 2147483647;
			files = (
			);
			runOnlyForDeploymentPostprocessing = 0;
		};
/* End PBXFrameworksBuildPhase section */

/* Begin PBXGroup section */
		B944B6A329133454001BAD60 = {
			isa = PBXGroup;
			children = (
				B944B6AE29133454001BAD60 /* CafeApp */,
				B944B6AD29133454001BAD60 /* Products */,
			);
			sourceTree = "<group>";
		};
		B944B6AD29133454001BAD60 /* Products */ = {
			isa = PBXGroup;
			children = (
				B944B6AC29133454001BAD60 /* CafeApp.app */,
			);
			name = Products;
			sourceTree = "<group>";
		};
		B944B6AE29133454001BAD60 /* CafeApp */ = {
			isa = PBXGroup;
			children = (
				B944B6BD29133455001BAD60 /* Info.plist */,
				B97386BA29152A3F00FA6338 /* Model */,
				B97386C129152BF500FA6338 /* View */,
				B97386C229152C0A00FA6338 /* Controller */,
				B97386C329152C1F00FA6338 /* Supporting Files */,
			);
			path = CafeApp;
			sourceTree = "<group>";
		};
		B944B6C4291337D6001BAD60 /* Inter */ = {
			isa = PBXGroup;
			children = (
				B944B6C3291337C9001BAD60 /* Inter-ExtraLight.ttf */,
				B944B6C5291337E4001BAD60 /* Inter-Medium.ttf */,
				B944B6C6291337F5001BAD60 /* Inter-Thin.ttf */,
				B944B6C7291337FD001BAD60 /* Inter-SemiBold.ttf */,
			);
			path = Inter;
			sourceTree = "<group>";
		};
		B97386BA29152A3F00FA6338 /* Model */ = {
			isa = PBXGroup;
			children = (
				B93AF1E42913DAB10014DB0B /* MenuItems.swift */,
				B97386BB29152AA600FA6338 /* Food.swift */,
				B97386BD29152B1A00FA6338 /* Drink.swift */,
				B97386BF29152B2400FA6338 /* Other.swift */,
			);
			path = Model;
			sourceTree = "<group>";
		};
		B97386C129152BF500FA6338 /* View */ = {
			isa = PBXGroup;
			children = (
				B9012B6F29144D130077D8CA /* CustomTableViewCell.swift */,
				B97386C429152FBB00FA6338 /* MenuTableHeaderView.swift */,
				B9F347DA291690AF0005A0F4 /* SelectedItemDetailView.swift */,
				B9F347D629168FBB0005A0F4 /* IngredientsBox.swift */,
				B9F347D82916900B0005A0F4 /* PairingsBox.swift */,
			);
			path = View;
			sourceTree = "<group>";
		};
		B97386C229152C0A00FA6338 /* Controller */ = {
			isa = PBXGroup;
			children = (
				B944B6B329133454001BAD60 /* ViewController.swift */,
				B9F347D429168EC00005A0F4 /* DetailViewController.swift */,
			);
			path = Controller;
			sourceTree = "<group>";
		};
		B97386C329152C1F00FA6338 /* Supporting Files */ = {
			isa = PBXGroup;
			children = (
				B944B6AF29133454001BAD60 /* AppDelegate.swift */,
				B944B6B129133454001BAD60 /* SceneDelegate.swift */,
				B944B6B829133455001BAD60 /* Assets.xcassets */,
				B944B6C4291337D6001BAD60 /* Inter */,
				B944B6BA29133455001BAD60 /* LaunchScreen.storyboard */,
			);
			path = "Supporting Files";
			sourceTree = "<group>";
		};
/* End PBXGroup section */

/* Begin PBXNativeTarget section */
		B944B6AB29133454001BAD60 /* CafeApp */ = {
			isa = PBXNativeTarget;
			buildConfigurationList = B944B6C029133455001BAD60 /* Build configuration list for PBXNativeTarget "CafeApp" */;
			buildPhases = (
				B944B6A829133454001BAD60 /* Sources */,
				B944B6A929133454001BAD60 /* Frameworks */,
				B944B6AA29133454001BAD60 /* Resources */,
			);
			buildRules = (
			);
			dependencies = (
			);
			name = CafeApp;
			productName = CafeApp;
			productReference = B944B6AC29133454001BAD60 /* CafeApp.app */;
			productType = "com.apple.product-type.application";
		};
/* End PBXNativeTarget section */

/* Begin PBXProject section */
		B944B6A429133454001BAD60 /* Project object */ = {
			isa = PBXProject;
			attributes = {
				BuildIndependentTargetsInParallel = 1;
				LastSwiftUpdateCheck = 1400;
				LastUpgradeCheck = 1400;
				TargetAttributes = {
					B944B6AB29133454001BAD60 = {
						CreatedOnToolsVersion = 14.0.1;
					};
				};
			};
			buildConfigurationList = B944B6A729133454001BAD60 /* Build configuration list for PBXProject "CafeApp" */;
			compatibilityVersion = "Xcode 14.0";
			developmentRegion = en;
			hasScannedForEncodings = 0;
			knownRegions = (
				en,
				Base,
			);
			mainGroup = B944B6A329133454001BAD60;
			productRefGroup = B944B6AD29133454001BAD60 /* Products */;
			projectDirPath = "";
			projectRoot = "";
			targets = (
				B944B6AB29133454001BAD60 /* CafeApp */,
			);
		};
/* End PBXProject section */

/* Begin PBXResourcesBuildPhase section */
		B944B6AA29133454001BAD60 /* Resources */ = {
			isa = PBXResourcesBuildPhase;
			buildActionMask = 2147483647;
			files = (
				B944B6CB2913380C001BAD60 /* Inter-SemiBold.ttf in Resources */,
				B944B6C929133808001BAD60 /* Inter-Medium.ttf in Resources */,
				B944B6BC29133455001BAD60 /* LaunchScreen.storyboard in Resources */,
				B944B6C829133805001BAD60 /* Inter-ExtraLight.ttf in Resources */,
				B944B6CA2913380A001BAD60 /* Inter-Thin.ttf in Resources */,
				B944B6B929133455001BAD60 /* Assets.xcassets in Resources */,
			);
			runOnlyForDeploymentPostprocessing = 0;
		};
/* End PBXResourcesBuildPhase section */

/* Begin PBXSourcesBuildPhase section */
		B944B6A829133454001BAD60 /* Sources */ = {
			isa = PBXSourcesBuildPhase;
			buildActionMask = 2147483647;
			files = (
				B97386C029152B2400FA6338 /* Other.swift in Sources */,
				B9F347D729168FBB0005A0F4 /* IngredientsBox.swift in Sources */,
				B944B6B429133454001BAD60 /* ViewController.swift in Sources */,
				B9012B7029144D130077D8CA /* CustomTableViewCell.swift in Sources */,
				B93AF1E52913DAB10014DB0B /* MenuItems.swift in Sources */,
				B944B6B029133454001BAD60 /* AppDelegate.swift in Sources */,
				B944B6B229133454001BAD60 /* SceneDelegate.swift in Sources */,
				B97386BE29152B1A00FA6338 /* Drink.swift in Sources */,
				B9F347D529168EC00005A0F4 /* DetailViewController.swift in Sources */,
				B97386BC29152AA600FA6338 /* Food.swift in Sources */,
				B9F347D92916900B0005A0F4 /* PairingsBox.swift in Sources */,
				B9F347DB291690AF0005A0F4 /* SelectedItemDetailView.swift in Sources */,
				B97386C529152FBB00FA6338 /* MenuTableHeaderView.swift in Sources */,
			);
			runOnlyForDeploymentPostprocessing = 0;
		};
/* End PBXSourcesBuildPhase section */

/* Begin PBXVariantGroup section */
		B944B6BA29133455001BAD60 /* LaunchScreen.storyboard */ = {
			isa = PBXVariantGroup;
			children = (
				B944B6BB29133455001BAD60 /* Base */,
			);
			name = LaunchScreen.storyboard;
			sourceTree = "<group>";
		};
/* End PBXVariantGroup section */

/* Begin XCBuildConfiguration section */
		B944B6BE29133455001BAD60 /* Debug */ = {
			isa = XCBuildConfiguration;
			buildSettings = {
				ALWAYS_SEARCH_USER_PATHS = NO;
				CLANG_ANALYZER_NONNULL = YES;
				CLANG_ANALYZER_NUMBER_OBJECT_CONVERSION = YES_AGGRESSIVE;
				CLANG_CXX_LANGUAGE_STANDARD = "gnu++20";
				CLANG_ENABLE_MODULES = YES;
				CLANG_ENABLE_OBJC_ARC = YES;
				CLANG_ENABLE_OBJC_WEAK = YES;
				CLANG_WARN_BLOCK_CAPTURE_AUTORELEASING = YES;
				CLANG_WARN_BOOL_CONVERSION = YES;
				CLANG_WARN_COMMA = YES;
				CLANG_WARN_CONSTANT_CONVERSION = YES;
				CLANG_WARN_DEPRECATED_OBJC_IMPLEMENTATIONS = YES;
				CLANG_WARN_DIRECT_OBJC_ISA_USAGE = YES_ERROR;
				CLANG_WARN_DOCUMENTATION_COMMENTS = YES;
				CLANG_WARN_EMPTY_BODY = YES;
				CLANG_WARN_ENUM_CONVERSION = YES;
				CLANG_WARN_INFINITE_RECURSION = YES;
				CLANG_WARN_INT_CONVERSION = YES;
				CLANG_WARN_NON_LITERAL_NULL_CONVERSION = YES;
				CLANG_WARN_OBJC_IMPLICIT_RETAIN_SELF = YES;
				CLANG_WARN_OBJC_LITERAL_CONVERSION = YES;
				CLANG_WARN_OBJC_ROOT_CLASS = YES_ERROR;
				CLANG_WARN_QUOTED_INCLUDE_IN_FRAMEWORK_HEADER = YES;
				CLANG_WARN_RANGE_LOOP_ANALYSIS = YES;
				CLANG_WARN_STRICT_PROTOTYPES = YES;
				CLANG_WARN_SUSPICIOUS_MOVE = YES;
				CLANG_WARN_UNGUARDED_AVAILABILITY = YES_AGGRESSIVE;
				CLANG_WARN_UNREACHABLE_CODE = YES;
				CLANG_WARN__DUPLICATE_METHOD_MATCH = YES;
				COPY_PHASE_STRIP = NO;
				DEBUG_INFORMATION_FORMAT = dwarf;
				ENABLE_STRICT_OBJC_MSGSEND = YES;
				ENABLE_TESTABILITY = YES;
				GCC_C_LANGUAGE_STANDARD = gnu11;
				GCC_DYNAMIC_NO_PIC = NO;
				GCC_NO_COMMON_BLOCKS = YES;
				GCC_OPTIMIZATION_LEVEL = 0;
				GCC_PREPROCESSOR_DEFINITIONS = (
					"DEBUG=1",
					"$(inherited)",
				);
				GCC_WARN_64_TO_32_BIT_CONVERSION = YES;
				GCC_WARN_ABOUT_RETURN_TYPE = YES_ERROR;
				GCC_WARN_UNDECLARED_SELECTOR = YES;
				GCC_WARN_UNINITIALIZED_AUTOS = YES_AGGRESSIVE;
				GCC_WARN_UNUSED_FUNCTION = YES;
				GCC_WARN_UNUSED_VARIABLE = YES;
				IPHONEOS_DEPLOYMENT_TARGET = 16.0;
				MTL_ENABLE_DEBUG_INFO = INCLUDE_SOURCE;
				MTL_FAST_MATH = YES;
				ONLY_ACTIVE_ARCH = YES;
				SDKROOT = iphoneos;
				SWIFT_ACTIVE_COMPILATION_CONDITIONS = DEBUG;
				SWIFT_OPTIMIZATION_LEVEL = "-Onone";
			};
			name = Debug;
		};
		B944B6BF29133455001BAD60 /* Release */ = {
			isa = XCBuildConfiguration;
			buildSettings = {
				ALWAYS_SEARCH_USER_PATHS = NO;
				CLANG_ANALYZER_NONNULL = YES;
				CLANG_ANALYZER_NUMBER_OBJECT_CONVERSION = YES_AGGRESSIVE;
				CLANG_CXX_LANGUAGE_STANDARD = "gnu++20";
				CLANG_ENABLE_MODULES = YES;
				CLANG_ENABLE_OBJC_ARC = YES;
				CLANG_ENABLE_OBJC_WEAK = YES;
				CLANG_WARN_BLOCK_CAPTURE_AUTORELEASING = YES;
				CLANG_WARN_BOOL_CONVERSION = YES;
				CLANG_WARN_COMMA = YES;
				CLANG_WARN_CONSTANT_CONVERSION = YES;
				CLANG_WARN_DEPRECATED_OBJC_IMPLEMENTATIONS = YES;
				CLANG_WARN_DIRECT_OBJC_ISA_USAGE = YES_ERROR;
				CLANG_WARN_DOCUMENTATION_COMMENTS = YES;
				CLANG_WARN_EMPTY_BODY = YES;
				CLANG_WARN_ENUM_CONVERSION = YES;
				CLANG_WARN_INFINITE_RECURSION = YES;
				CLANG_WARN_INT_CONVERSION = YES;
				CLANG_WARN_NON_LITERAL_NULL_CONVERSION = YES;
				CLANG_WARN_OBJC_IMPLICIT_RETAIN_SELF = YES;
				CLANG_WARN_OBJC_LITERAL_CONVERSION = YES;
				CLANG_WARN_OBJC_ROOT_CLASS = YES_ERROR;
				CLANG_WARN_QUOTED_INCLUDE_IN_FRAMEWORK_HEADER = YES;
				CLANG_WARN_RANGE_LOOP_ANALYSIS = YES;
				CLANG_WARN_STRICT_PROTOTYPES = YES;
				CLANG_WARN_SUSPICIOUS_MOVE = YES;
				CLANG_WARN_UNGUARDED_AVAILABILITY = YES_AGGRESSIVE;
				CLANG_WARN_UNREACHABLE_CODE = YES;
				CLANG_WARN__DUPLICATE_METHOD_MATCH = YES;
				COPY_PHASE_STRIP = NO;
				DEBUG_INFORMATION_FORMAT = "dwarf-with-dsym";
				ENABLE_NS_ASSERTIONS = NO;
				ENABLE_STRICT_OBJC_MSGSEND = YES;
				GCC_C_LANGUAGE_STANDARD = gnu11;
				GCC_NO_COMMON_BLOCKS = YES;
				GCC_WARN_64_TO_32_BIT_CONVERSION = YES;
				GCC_WARN_ABOUT_RETURN_TYPE = YES_ERROR;
				GCC_WARN_UNDECLARED_SELECTOR = YES;
				GCC_WARN_UNINITIALIZED_AUTOS = YES_AGGRESSIVE;
				GCC_WARN_UNUSED_FUNCTION = YES;
				GCC_WARN_UNUSED_VARIABLE = YES;
				IPHONEOS_DEPLOYMENT_TARGET = 16.0;
				MTL_ENABLE_DEBUG_INFO = NO;
				MTL_FAST_MATH = YES;
				SDKROOT = iphoneos;
				SWIFT_COMPILATION_MODE = wholemodule;
				SWIFT_OPTIMIZATION_LEVEL = "-O";
				VALIDATE_PRODUCT = YES;
			};
			name = Release;
		};
		B944B6C129133455001BAD60 /* Debug */ = {
			isa = XCBuildConfiguration;
			buildSettings = {
				ASSETCATALOG_COMPILER_APPICON_NAME = AppIcon;
				ASSETCATALOG_COMPILER_GLOBAL_ACCENT_COLOR_NAME = AccentColor;
				CODE_SIGN_STYLE = Automatic;
				CURRENT_PROJECT_VERSION = 1;
				DEVELOPMENT_TEAM = 794RQQKASN;
				GENERATE_INFOPLIST_FILE = YES;
				INFOPLIST_FILE = CafeApp/Info.plist;
				INFOPLIST_KEY_UIApplicationSupportsIndirectInputEvents = YES;
				INFOPLIST_KEY_UILaunchStoryboardName = LaunchScreen;
				INFOPLIST_KEY_UISupportedInterfaceOrientations_iPad = "UIInterfaceOrientationPortrait UIInterfaceOrientationPortraitUpsideDown UIInterfaceOrientationLandscapeLeft UIInterfaceOrientationLandscapeRight";
				INFOPLIST_KEY_UISupportedInterfaceOrientations_iPhone = "UIInterfaceOrientationPortrait UIInterfaceOrientationLandscapeLeft UIInterfaceOrientationLandscapeRight";
				LD_RUNPATH_SEARCH_PATHS = (
					"$(inherited)",
					"@executable_path/Frameworks",
				);
				MARKETING_VERSION = 1.0;
				PRODUCT_BUNDLE_IDENTIFIER = me.frey.caroline.CafeApp;
				PRODUCT_NAME = "$(TARGET_NAME)";
				SWIFT_EMIT_LOC_STRINGS = YES;
				SWIFT_VERSION = 5.0;
				TARGETED_DEVICE_FAMILY = "1,2";
			};
			name = Debug;
		};
		B944B6C229133455001BAD60 /* Release */ = {
			isa = XCBuildConfiguration;
			buildSettings = {
				ASSETCATALOG_COMPILER_APPICON_NAME = AppIcon;
				ASSETCATALOG_COMPILER_GLOBAL_ACCENT_COLOR_NAME = AccentColor;
				CODE_SIGN_STYLE = Automatic;
				CURRENT_PROJECT_VERSION = 1;
				DEVELOPMENT_TEAM = 794RQQKASN;
				GENERATE_INFOPLIST_FILE = YES;
				INFOPLIST_FILE = CafeApp/Info.plist;
				INFOPLIST_KEY_UIApplicationSupportsIndirectInputEvents = YES;
				INFOPLIST_KEY_UILaunchStoryboardName = LaunchScreen;
				INFOPLIST_KEY_UISupportedInterfaceOrientations_iPad = "UIInterfaceOrientationPortrait UIInterfaceOrientationPortraitUpsideDown UIInterfaceOrientationLandscapeLeft UIInterfaceOrientationLandscapeRight";
				INFOPLIST_KEY_UISupportedInterfaceOrientations_iPhone = "UIInterfaceOrientationPortrait UIInterfaceOrientationLandscapeLeft UIInterfaceOrientationLandscapeRight";
				LD_RUNPATH_SEARCH_PATHS = (
					"$(inherited)",
					"@executable_path/Frameworks",
				);
				MARKETING_VERSION = 1.0;
				PRODUCT_BUNDLE_IDENTIFIER = me.frey.caroline.CafeApp;
				PRODUCT_NAME = "$(TARGET_NAME)";
				SWIFT_EMIT_LOC_STRINGS = YES;
				SWIFT_VERSION = 5.0;
				TARGETED_DEVICE_FAMILY = "1,2";
			};
			name = Release;
		};
/* End XCBuildConfiguration section */

/* Begin XCConfigurationList section */
		B944B6A729133454001BAD60 /* Build configuration list for PBXProject "CafeApp" */ = {
			isa = XCConfigurationList;
			buildConfigurations = (
				B944B6BE29133455001BAD60 /* Debug */,
				B944B6BF29133455001BAD60 /* Release */,
			);
			defaultConfigurationIsVisible = 0;
			defaultConfigurationName = Release;
		};
		B944B6C029133455001BAD60 /* Build configuration list for PBXNativeTarget "CafeApp" */ = {
			isa = XCConfigurationList;
			buildConfigurations = (
				B944B6C129133455001BAD60 /* Debug */,
				B944B6C229133455001BAD60 /* Release */,
			);
			defaultConfigurationIsVisible = 0;
			defaultConfigurationName = Release;
		};
/* End XCConfigurationList section */
	};
	rootObject = B944B6A429133454001BAD60 /* Project object */;
}
